
Microsoft Visual Studio Solution File, Format Version 12.00
# Visual Studio Version 16
VisualStudioVersion = 16.0.31402.337
MinimumVisualStudioVersion = 10.0.40219.1
Project("{FAE04EC0-301F-11D3-BF4B-00C04F79EFBC}") = "NebulaAuthServer.AccessManagement", "NebulaAuthServer.AccessManagement\NebulaAuthServer.AccessManagement.csproj", "{B16351AC-DA12-4E6A-8659-8D12466C267C}"
EndProject
Project("{9A19103F-16F7-4668-BE54-9A1E7A4F7556}") = "Cyaim.Authentication", "Cyaim.Authentication\Cyaim.Authentication.csproj", "{B5C16B8D-10C5-4811-AF2A-A724E044B985}"
EndProject
Project("{FAE04EC0-301F-11D3-BF4B-00C04F79EFBC}") = "NebulaAuthServer", "NebulaAuthServer\NebulaAuthServer.csproj", "{740485A5-8971-432E-A896-5DB2F148AA8B}"
EndProject
Global
	GlobalSection(SolutionConfigurationPlatforms) = preSolution
		Debug|Any CPU = Debug|Any CPU
		Release|Any CPU = Release|Any CPU
	EndGlobalSection
	GlobalSection(ProjectConfigurationPlatforms) = postSolution
		{B16351AC-DA12-4E6A-8659-8D12466C267C}.Debug|Any CPU.ActiveCfg = Debug|Any CPU
		{B16351AC-DA12-4E6A-8659-8D12466C267C}.Debug|Any CPU.Build.0 = Debug|Any CPU
		{B16351AC-DA12-4E6A-8659-8D12466C267C}.Release|Any CPU.ActiveCfg = Release|Any CPU
		{B16351AC-DA12-4E6A-8659-8D12466C267C}.Release|Any CPU.Build.0 = Release|Any CPU
		{B5C16B8D-10C5-4811-AF2A-A724E044B985}.Debug|Any CPU.ActiveCfg = Debug|Any CPU
		{B5C16B8D-10C5-4811-AF2A-A724E044B985}.Debug|Any CPU.Build.0 = Debug|Any CPU
		{B5C16B8D-10C5-4811-AF2A-A724E044B985}.Release|Any CPU.ActiveCfg = Release|Any CPU
		{B5C16B8D-10C5-4811-AF2A-A724E044B985}.Release|Any CPU.Build.0 = Release|Any CPU
		{740485A5-8971-432E-A896-5DB2F148AA8B}.Debug|Any CPU.ActiveCfg = Debug|Any CPU
		{740485A5-8971-432E-A896-5DB2F148AA8B}.Debug|Any CPU.Build.0 = Debug|Any CPU
		{740485A5-8971-432E-A896-5DB2F148AA8B}.Release|Any CPU.ActiveCfg = Release|Any CPU
		{740485A5-8971-432E-A896-5DB2F148AA8B}.Release|Any CPU.Build.0 = Release|Any CPU
	EndGlobalSection
	GlobalSection(SolutionProperties) = preSolution
		HideSolutionNode = FALSE
	EndGlobalSection
	GlobalSection(ExtensibilityGlobals) = postSolution
		SolutionGuid = {A1B7DF2F-AD24-493D-AB2F-B4946491CC6C}
	EndGlobalSection
EndGlobal
